
Microsoft Visual Studio Solution File, Format Version 12.00
# Visual Studio 2012
Project("{FAE04EC0-301F-11D3-BF4B-00C04F79EFBC}") = "ADVCoupon", "AVDCoupon\ADVCoupon.csproj", "{67BB131F-81A8-4F22-B3B3-6CA23C3AEFAE}"
EndProject
Project("{FAE04EC0-301F-11D3-BF4B-00C04F79EFBC}") = "CoreEntities", "CoreEntities\CoreEntities.csproj", "{B89FE14F-6792-4503-AB0F-DC368C33A36B}"
EndProject
Global
	GlobalSection(SolutionConfigurationPlatforms) = preSolution
		Debug|Any CPU = Debug|Any CPU
		Release|Any CPU = Release|Any CPU
	EndGlobalSection
	GlobalSection(ProjectConfigurationPlatforms) = postSolution
		{67BB131F-81A8-4F22-B3B3-6CA23C3AEFAE}.Debug|Any CPU.ActiveCfg = Debug|Any CPU
		{67BB131F-81A8-4F22-B3B3-6CA23C3AEFAE}.Debug|Any CPU.Build.0 = Debug|Any CPU
		{67BB131F-81A8-4F22-B3B3-6CA23C3AEFAE}.Release|Any CPU.ActiveCfg = Release|Any CPU
		{67BB131F-81A8-4F22-B3B3-6CA23C3AEFAE}.Release|Any CPU.Build.0 = Release|Any CPU
		{B89FE14F-6792-4503-AB0F-DC368C33A36B}.Debug|Any CPU.ActiveCfg = Debug|Any CPU
		{B89FE14F-6792-4503-AB0F-DC368C33A36B}.Debug|Any CPU.Build.0 = Debug|Any CPU
		{B89FE14F-6792-4503-AB0F-DC368C33A36B}.Release|Any CPU.ActiveCfg = Release|Any CPU
		{B89FE14F-6792-4503-AB0F-DC368C33A36B}.Release|Any CPU.Build.0 = Release|Any CPU
	EndGlobalSection
EndGlobal
