Microsoft Visual Studio Solution File, Format Version 12.00
# Visual Studio 15
VisualStudioVersion = 15.0.27428.2002
MinimumVisualStudioVersion = 10.0.40219.1
Project("{FAE04EC0-301F-11D3-BF4B-00C04F79EFBC}") = "ADVCoupon", "AVDCoupon\ADVCoupon.csproj", "{AAC47E28-7DD4-4A40-ABBA-ACBF28CF16A4}"
EndProject
Global
	GlobalSection(SolutionConfigurationPlatforms) = preSolution
		Debug|Any CPU = Debug|Any CPU
		Release|Any CPU = Release|Any CPU
	EndGlobalSection
	GlobalSection(ProjectConfigurationPlatforms) = postSolution
		{AAC47E28-7DD4-4A40-ABBA-ACBF28CF16A4}.Debug|Any CPU.ActiveCfg = Debug|Any CPU
		{AAC47E28-7DD4-4A40-ABBA-ACBF28CF16A4}.Debug|Any CPU.Build.0 = Debug|Any CPU
		{AAC47E28-7DD4-4A40-ABBA-ACBF28CF16A4}.Release|Any CPU.ActiveCfg = Release|Any CPU
		{AAC47E28-7DD4-4A40-ABBA-ACBF28CF16A4}.Release|Any CPU.Build.0 = Release|Any CPU
	EndGlobalSection
	GlobalSection(SolutionProperties) = preSolution
		HideSolutionNode = FALSE
	EndGlobalSection
	GlobalSection(ExtensibilityGlobals) = postSolution
		SolutionGuid = {7F7C04E8-75E1-4583-A213-A76F2605571E}
	EndGlobalSection
EndGlobal
